Microsoft Visual Studio Solution File, Format Version 12.00
# Visual Studio 15
VisualStudioVersion = 15.0.26124.0
MinimumVisualStudioVersion = 15.0.26124.0
Project("{FAE04EC0-301F-11D3-BF4B-00C04F79EFBC}") = "Books.Api", "Books.Api\Books.Api.csproj", "{22751BD6-7E01-4311-B3A0-4644E0E3DC3F}"
EndProject
Project("{FAE04EC0-301F-11D3-BF4B-00C04F79EFBC}") = "Books.Domain", "Books.Domain\Books.Domain.csproj", "{600B0031-6CF0-4FBA-9E97-F6624CE67AE4}"
EndProject
Project("{FAE04EC0-301F-11D3-BF4B-00C04F79EFBC}") = "Books.Infra", "Books.Infra\Books.Infra.csproj", "{72F1C88B-8961-4AAC-B6EF-0BB95713A0CD}"
EndProject
Project("{FAE04EC0-301F-11D3-BF4B-00C04F79EFBC}") = "Books.Service", "Books.Service\Books.Service.csproj", "{BB749144-B435-4678-822A-56B2F8C9AF1E}"
EndProject
Global
	GlobalSection(SolutionConfigurationPlatforms) = preSolution
		Debug|Any CPU = Debug|Any CPU
		Debug|x64 = Debug|x64
		Debug|x86 = Debug|x86
		Release|Any CPU = Release|Any CPU
		Release|x64 = Release|x64
		Release|x86 = Release|x86
	EndGlobalSection
	GlobalSection(SolutionProperties) = preSolution
		HideSolutionNode = FALSE
	EndGlobalSection
	GlobalSection(ProjectConfigurationPlatforms) = postSolution
		{22751BD6-7E01-4311-B3A0-4644E0E3DC3F}.Debug|Any CPU.ActiveCfg = Debug|Any CPU
		{22751BD6-7E01-4311-B3A0-4644E0E3DC3F}.Debug|Any CPU.Build.0 = Debug|Any CPU
		{22751BD6-7E01-4311-B3A0-4644E0E3DC3F}.Debug|x64.ActiveCfg = Debug|Any CPU
		{22751BD6-7E01-4311-B3A0-4644E0E3DC3F}.Debug|x64.Build.0 = Debug|Any CPU
		{22751BD6-7E01-4311-B3A0-4644E0E3DC3F}.Debug|x86.ActiveCfg = Debug|Any CPU
		{22751BD6-7E01-4311-B3A0-4644E0E3DC3F}.Debug|x86.Build.0 = Debug|Any CPU
		{22751BD6-7E01-4311-B3A0-4644E0E3DC3F}.Release|Any CPU.ActiveCfg = Release|Any CPU
		{22751BD6-7E01-4311-B3A0-4644E0E3DC3F}.Release|Any CPU.Build.0 = Release|Any CPU
		{22751BD6-7E01-4311-B3A0-4644E0E3DC3F}.Release|x64.ActiveCfg = Release|Any CPU
		{22751BD6-7E01-4311-B3A0-4644E0E3DC3F}.Release|x64.Build.0 = Release|Any CPU
		{22751BD6-7E01-4311-B3A0-4644E0E3DC3F}.Release|x86.ActiveCfg = Release|Any CPU
		{22751BD6-7E01-4311-B3A0-4644E0E3DC3F}.Release|x86.Build.0 = Release|Any CPU
		{600B0031-6CF0-4FBA-9E97-F6624CE67AE4}.Debug|Any CPU.ActiveCfg = Debug|Any CPU
		{600B0031-6CF0-4FBA-9E97-F6624CE67AE4}.Debug|Any CPU.Build.0 = Debug|Any CPU
		{600B0031-6CF0-4FBA-9E97-F6624CE67AE4}.Debug|x64.ActiveCfg = Debug|Any CPU
		{600B0031-6CF0-4FBA-9E97-F6624CE67AE4}.Debug|x64.Build.0 = Debug|Any CPU
		{600B0031-6CF0-4FBA-9E97-F6624CE67AE4}.Debug|x86.ActiveCfg = Debug|Any CPU
		{600B0031-6CF0-4FBA-9E97-F6624CE67AE4}.Debug|x86.Build.0 = Debug|Any CPU
		{600B0031-6CF0-4FBA-9E97-F6624CE67AE4}.Release|Any CPU.ActiveCfg = Release|Any CPU
		{600B0031-6CF0-4FBA-9E97-F6624CE67AE4}.Release|Any CPU.Build.0 = Release|Any CPU
		{600B0031-6CF0-4FBA-9E97-F6624CE67AE4}.Release|x64.ActiveCfg = Release|Any CPU
		{600B0031-6CF0-4FBA-9E97-F6624CE67AE4}.Release|x64.Build.0 = Release|Any CPU
		{600B0031-6CF0-4FBA-9E97-F6624CE67AE4}.Release|x86.ActiveCfg = Release|Any CPU
		{600B0031-6CF0-4FBA-9E97-F6624CE67AE4}.Release|x86.Build.0 = Release|Any CPU
		{72F1C88B-8961-4AAC-B6EF-0BB95713A0CD}.Debug|Any CPU.ActiveCfg = Debug|Any CPU
		{72F1C88B-8961-4AAC-B6EF-0BB95713A0CD}.Debug|Any CPU.Build.0 = Debug|Any CPU
		{72F1C88B-8961-4AAC-B6EF-0BB95713A0CD}.Debug|x64.ActiveCfg = Debug|Any CPU
		{72F1C88B-8961-4AAC-B6EF-0BB95713A0CD}.Debug|x64.Build.0 = Debug|Any CPU
		{72F1C88B-8961-4AAC-B6EF-0BB95713A0CD}.Debug|x86.ActiveCfg = Debug|Any CPU
		{72F1C88B-8961-4AAC-B6EF-0BB95713A0CD}.Debug|x86.Build.0 = Debug|Any CPU
		{72F1C88B-8961-4AAC-B6EF-0BB95713A0CD}.Release|Any CPU.ActiveCfg = Release|Any CPU
		{72F1C88B-8961-4AAC-B6EF-0BB95713A0CD}.Release|Any CPU.Build.0 = Release|Any CPU
		{72F1C88B-8961-4AAC-B6EF-0BB95713A0CD}.Release|x64.ActiveCfg = Release|Any CPU
		{72F1C88B-8961-4AAC-B6EF-0BB95713A0CD}.Release|x64.Build.0 = Release|Any CPU
		{72F1C88B-8961-4AAC-B6EF-0BB95713A0CD}.Release|x86.ActiveCfg = Release|Any CPU
		{72F1C88B-8961-4AAC-B6EF-0BB95713A0CD}.Release|x86.Build.0 = Release|Any CPU
		{BB749144-B435-4678-822A-56B2F8C9AF1E}.Debug|Any CPU.ActiveCfg = Debug|Any CPU
		{BB749144-B435-4678-822A-56B2F8C9AF1E}.Debug|Any CPU.Build.0 = Debug|Any CPU
		{BB749144-B435-4678-822A-56B2F8C9AF1E}.Debug|x64.ActiveCfg = Debug|Any CPU
		{BB749144-B435-4678-822A-56B2F8C9AF1E}.Debug|x64.Build.0 = Debug|Any CPU
		{BB749144-B435-4678-822A-56B2F8C9AF1E}.Debug|x86.ActiveCfg = Debug|Any CPU
		{BB749144-B435-4678-822A-56B2F8C9AF1E}.Debug|x86.Build.0 = Debug|Any CPU
		{BB749144-B435-4678-822A-56B2F8C9AF1E}.Release|Any CPU.ActiveCfg = Release|Any CPU
		{BB749144-B435-4678-822A-56B2F8C9AF1E}.Release|Any CPU.Build.0 = Release|Any CPU
		{BB749144-B435-4678-822A-56B2F8C9AF1E}.Release|x64.ActiveCfg = Release|Any CPU
		{BB749144-B435-4678-822A-56B2F8C9AF1E}.Release|x64.Build.0 = Release|Any CPU
		{BB749144-B435-4678-822A-56B2F8C9AF1E}.Release|x86.ActiveCfg = Release|Any CPU
		{BB749144-B435-4678-822A-56B2F8C9AF1E}.Release|x86.Build.0 = Release|Any CPU
	EndGlobalSection
EndGlobal
